dependencies:
  realpath-native: 1.1.0
  type-error: 1.0.3
devDependencies:
  coffeescript: 2.5.1
  wch-coffee: 0.3.2
lockfileVersion: 5.2
packages:
  /@aleclarson/quest/0.9.0:
    dependencies:
      readable-stream: 2.3.7
    dev: true
    resolution:
      integrity: sha512-5H4/64usRi4yAx7lHav7nn592pUFFNZNp0XgnjBmPEausZU/EBk4XuVJGS4wofeaGPSwbfjX5n2Bk5RxCu1PBQ==
  /bl/1.2.3:
    dependencies:
      readable-stream: 2.3.7
      safe-buffer: 5.2.1
    dev: true
    resolution:
      integrity: sha512-pvcNpa0UU69UT341rO6AYy4FVAIkUHuZXRIWbq+zHnsVcRzDDjIAhGuuYoi0d//cwIwtt4pkpKycWEfjdV+vww==
  /buffer-alloc-unsafe/1.1.0:
    dev: true
    resolution:
      integrity: sha512-TEM2iMIEQdJ2yjPJoSIsldnleVaAk1oW3DBVUykyOLsEsFmEc9kn+SFFPz+gl54KQNxlDnAwCXosOS9Okx2xAg==
  /buffer-alloc/1.2.0:
    dependencies:
      buffer-alloc-unsafe: 1.1.0
      buffer-fill: 1.0.0
    dev: true
    resolution:
      integrity: sha512-CFsHQgjtW1UChdXgbyJGtnm+O/uLQeZdtbDo8mfUgYXCHSM1wgrVxXm6bSyrUuErEb+4sYVGCzASBRot7zyrow==
  /buffer-fill/1.0.0:
    dev: true
    resolution:
      integrity: sha1-+PeLdniYiO858gXNY39o5wISKyw=
  /call-bind/1.0.2:
    dependencies:
      function-bind: 1.1.1
      get-intrinsic: 1.1.1
    dev: false
    resolution:
      integrity: sha512-7O+FbCihrB5WGbFYesctwmTKae6rOiIzmz1icreWJ+0aA7LJfuqhEso2T9ncpcFtzMQtzXf2QGGueWJGTYsqrA==
  /coffeescript/2.5.1:
    dev: true
    engines:
      node: '>=6'
    hasBin: true
    resolution:
      integrity: sha512-J2jRPX0eeFh5VKyVnoLrfVFgLZtnnmp96WQSLAS8OrLm2wtQLcnikYKe1gViJKDH7vucjuhHvBKKBP3rKcD1tQ==
  /core-util-is/1.0.2:
    dev: true
    resolution:
      integrity: sha1-tf1UIgqivFq1eqtxQMlAdUUDwac=
  /deep-extend/0.6.0:
    dev: true
    engines:
      node: '>=4.0.0'
    resolution:
      integrity: sha512-LOHxIOaPYdHlJRtCQfDIVZtfw/ufM8+rVj649RIHzcm/vGwQRXFt6OPqIFWsm2XEMrNIEtWR64sY1LEKD2vAOA==
  /define-properties/1.1.3:
    dependencies:
      object-keys: 1.1.1
    dev: false
    engines:
      node: '>= 0.4'
    resolution:
      integrity: sha512-3MqfYKj2lLzdMSf8ZIZE/V+Zuy+BgD6f164e8K2w7dgnpKArBDerGYpM46IYYcjnkdPNMjPk9A6VFB8+3SKlXQ==
  /end-of-stream/1.4.4:
    dependencies:
      once: 1.4.0
    dev: true
    resolution:
      integrity: sha512-+uw1inIHVPQoaVuHzRyXd21icM+cnt4CzD5rW+NC1wjOUSTOs+Te7FOv7AhN7vS9x/oIyhLP5PR1H+phQAHu5Q==
  /es-abstract/1.18.0-next.2:
    dependencies:
      call-bind: 1.0.2
      es-to-primitive: 1.2.1
      function-bind: 1.1.1
      get-intrinsic: 1.1.1
      has: 1.0.3
      has-symbols: 1.0.1
      is-callable: 1.2.3
      is-negative-zero: 2.0.1
      is-regex: 1.1.2
      object-inspect: 1.9.0
      object-keys: 1.1.1
      object.assign: 4.1.2
      string.prototype.trimend: 1.0.3
      string.prototype.trimstart: 1.0.3
    dev: false
    engines:
      node: '>= 0.4'
    resolution:
      integrity: sha512-Ih4ZMFHEtZupnUh6497zEL4y2+w8+1ljnCyaTa+adcoafI1GOvMwFlDjBLfWR7y9VLfrjRJe9ocuHY1PSR9jjw==
  /es-to-primitive/1.2.1:
    dependencies:
      is-callable: 1.2.3
      is-date-object: 1.0.2
      is-symbol: 1.0.3
    dev: false
    engines:
      node: '>= 0.4'
    resolution:
      integrity: sha512-QCOllgZJtaUo9miYBcLChTUaHNjJF3PYs1VidD7AwiEj1kYxKeQTctLAezAOH5ZKRH0g2IgPn6KwB4IT8iRpvA==
  /for-each/0.3.3:
    dependencies:
      is-callable: 1.2.3
    dev: false
    resolution:
      integrity: sha512-jqYfLp7mo9vIyQf8ykW2v7A+2N4QjeCeI5+Dz9XraiO1ign81wjiH7Fb9vSOWvQfNtmSa4H2RoQTrrXivdUZmw==
  /fs-constants/1.0.0:
    dev: true
    resolution:
      integrity: sha512-y6OAwoSIf7FyjMIv94u+b5rdheZEjzR63GTyZJm5qh4Bi+2YgwLCcI/fPFZkL5PSixOt6ZNKm+w+Hfp/Bciwow==
  /function-bind/1.1.1:
    dev: false
    resolution:
      integrity: sha512-yIovAzMX49sF8Yl58fSCWJ5svSLuaibPxXQJFLmBObTuCr0Mf1KiPopGM9NiFjiYBCbfaa2Fh6breQ6ANVTI0A==
  /get-intrinsic/1.1.1:
    dependencies:
      function-bind: 1.1.1
      has: 1.0.3
      has-symbols: 1.0.1
    dev: false
    resolution:
      integrity: sha512-kWZrnVM42QCiEA2Ig1bG8zjoIMOgxWwYCEeNdwY6Tv/cOSeGpcoX4pXHfKUxNKVoArnrEr2e9srnAxxGIraS9Q==
  /graceful-fs/4.2.6:
    dev: true
    resolution:
      integrity: sha512-nTnJ528pbqxYanhpDYsi4Rd8MAeaBA67+RZ10CM1m3bTAVFEDcd5AuA4a6W5YkGZ1iNXHzZz8T6TBKLeBuNriQ==
  /has-symbols/1.0.1:
    dev: false
    engines:
      node: '>= 0.4'
    resolution:
      integrity: sha512-PLcsoqu++dmEIZB+6totNFKq/7Do+Z0u4oT0zKOJNl3lYK6vGwwu2hjHs+68OEZbTjiUE9bgOABXbP/GvrS0Kg==
  /has/1.0.3:
    dependencies:
      function-bind: 1.1.1
    dev: false
    engines:
      node: '>= 0.4.0'
    resolution:
      integrity: sha512-f2dvO0VU6Oej7RkWJGrehjbzMAjFp5/VKPp5tTpWIV4JHHZK1/BxbFRtf/siA2SWTe09caDmVtYYzWEIbBS4zw==
  /inherits/2.0.4:
    dev: true
    resolution:
      integrity: sha512-k/vGaX4/Yla3WzyMCvTQOXYeIHvqOKtnqBduzTHpzpQZzAskKMhZ2K+EnBiSM9zGSoIFeMpXKxa4dYeZIQqewQ==
  /ini/1.3.8:
    dev: true
    resolution:
      integrity: sha512-JV/yugV2uzW5iMRSiZAyDtQd+nxtUnjeLt0acNdw98kKLrvuRVyB80tsREOE7yvGVgalhZ6RNXCmEHkUKBKxew==
  /is-callable/1.2.3:
    dev: false
    engines:
      node: '>= 0.4'
    resolution:
      integrity: sha512-J1DcMe8UYTBSrKezuIUTUwjXsho29693unXM2YhJUTR2txK/eG47bvNa/wipPFmZFgr/N6f1GA66dv0mEyTIyQ==
  /is-date-object/1.0.2:
    dev: false
    engines:
      node: '>= 0.4'
    resolution:
      integrity: sha512-USlDT524woQ08aoZFzh3/Z6ch9Y/EWXEHQ/AaRN0SkKq4t2Jw2R2339tSXmwuVoY7LLlBCbOIlx2myP/L5zk0g==
  /is-negative-zero/2.0.1:
    dev: false
    engines:
      node: '>= 0.4'
    resolution:
      integrity: sha512-2z6JzQvZRa9A2Y7xC6dQQm4FSTSTNWjKIYYTt4246eMTJmIo0Q+ZyOsU66X8lxK1AbB92dFeglPLrhwpeRKO6w==
  /is-regex/1.1.2:
    dependencies:
      call-bind: 1.0.2
      has-symbols: 1.0.1
    dev: false
    engines:
      node: '>= 0.4'
    resolution:
      integrity: sha512-axvdhb5pdhEVThqJzYXwMlVuZwC+FF2DpcOhTS+y/8jVq4trxyPgfcwIxIKiyeuLlSQYKkmUaPQJ8ZE4yNKXDg==
  /is-symbol/1.0.3:
    dependencies:
      has-symbols: 1.0.1
    dev: false
    engines:
      node: '>= 0.4'
    resolution:
      integrity: sha512-OwijhaRSgqvhm/0ZdAcXNZt9lYdKFpcRDT5ULUuYXPoT794UNOdU+gpT6Rzo7b4V2HUl/op6GqY894AZwv9faQ==
  /isarray/1.0.0:
    dev: true
    resolution:
      integrity: sha1-u5NdSFgsuhaMBoNJV6VKPgcSTxE=
  /minimist/1.2.5:
    dev: true
    resolution:
      integrity: sha512-FM9nNUYrRBAELZQT3xeZQ7fmMOBg6nWNmJKTcgsJeaLstP/UODVpGsr5OhXhhXg6f+qtJ8uiZ+PUxkDWcgIXLw==
  /object-inspect/1.9.0:
    dev: false
    resolution:
      integrity: sha512-i3Bp9iTqwhaLZBxGkRfo5ZbE07BQRT7MGu8+nNgwW9ItGp1TzCTw2DLEoWwjClxBjOFI/hWljTAmYGCEwmtnOw==
  /object-keys/1.1.1:
    dev: false
    engines:
      node: '>= 0.4'
    resolution:
      integrity: sha512-NuAESUOUMrlIXOfHKzD6bpPu3tYt3xvjNdRIQ+FeT0lNb4K8WR70CaDxhuNguS2XG+GjkyMwOzsN5ZktImfhLA==
  /object.assign/4.1.2:
    dependencies:
      call-bind: 1.0.2
      define-properties: 1.1.3
      has-symbols: 1.0.1
      object-keys: 1.1.1
    dev: false
    engines:
      node: '>= 0.4'
    resolution:
      integrity: sha512-ixT2L5THXsApyiUPYKmW+2EHpXXe5Ii3M+f4e+aJFAHao5amFRW6J0OO6c/LU8Be47utCx2GL89hxGB6XSmKuQ==
  /object.getownpropertydescriptors/2.1.1:
    dependencies:
      call-bind: 1.0.2
      define-properties: 1.1.3
      es-abstract: 1.18.0-next.2
    dev: false
    engines:
      node: '>= 0.8'
    resolution:
      integrity: sha512-6DtXgZ/lIZ9hqx4GtZETobXLR/ZLaa0aqV0kzbn80Rf8Z2e/XFnhA0I7p07N2wH8bBBltr2xQPi6sbKWAY2Eng==
  /once/1.4.0:
    dependencies:
      wrappy: 1.0.2
    dev: true
    resolution:
      integrity: sha1-WDsap3WWHUsROsF9nFC6753Xa9E=
  /process-nextick-args/2.0.1:
    dev: true
    resolution:
      integrity: sha512-3ouUOpQhtgrbOa17J7+uxOTpITYWaGP7/AhoR3+A+/1e9skrzelGi/dXzEYyvbxubEF6Wn2ypscTKiKJFFn1ag==
  /rc/1.2.8:
    dependencies:
      deep-extend: 0.6.0
      ini: 1.3.8
      minimist: 1.2.5
      strip-json-comments: 2.0.1
    dev: true
    hasBin: true
    resolution:
      integrity: sha512-y3bGgqKj3QBdxLbLkomlohkvsA8gdAiUQlSBJnBhfn+BPxg4bc62d8TcBW15wavDfgexCgccckhcZvywyQYPOw==
  /readable-stream/2.3.7:
    dependencies:
      core-util-is: 1.0.2
      inherits: 2.0.4
      isarray: 1.0.0
      process-nextick-args: 2.0.1
      safe-buffer: 5.1.2
      string_decoder: 1.1.1
      util-deprecate: 1.0.2
    dev: true
    resolution:
      integrity: sha512-Ebho8K4jIbHAxnuxi7o42OrZgF/ZTNcsZj6nRKyUmkhLFq8CHItp/fy6hQZuZmP/n3yZ9VBUbp4zz/mX8hmYPw==
  /realpath-native/1.1.0:
    dependencies:
      util.promisify: 1.1.1
    dev: false
    engines:
      node: '>=4'
    resolution:
      integrity: sha512-wlgPA6cCIIg9gKz0fgAPjnzh4yR/LnXovwuo9hvyGvx3h8nX4+/iLZplfUWasXpqD8BdnGnP5njOFjkUwPzvjA==
  /registry-auth-token/3.4.0:
    dependencies:
      rc: 1.2.8
      safe-buffer: 5.2.1
    dev: true
    resolution:
      integrity: sha512-4LM6Fw8eBQdwMYcES4yTnn2TqIasbXuwDx3um+QRs7S55aMKCBKBxvPXl2RiUjHwuJLTyYfxSpmfSAjQpcuP+A==
  /safe-buffer/5.1.2:
    dev: true
    resolution:
      integrity: sha512-Gd2UZBJDkXlY7GbJxfsE8/nvKkUEU1G38c1siN6QP6a9PT9MmHB8GnpscSmMJSoF8LOIrt8ud/wPtojys4G6+g==
  /safe-buffer/5.2.1:
    dev: true
    resolution:
      integrity: sha512-rp3So07KcdmmKbGvgaNxQSJr7bGVSVk5S9Eq1F+ppbRo70+YeaDxkw5Dd8NPN+GD6bjnYm2VuPuCXmpuYvmCXQ==
  /saxon/0.1.18:
    dependencies:
      graceful-fs: 4.2.6
    dev: true
    resolution:
      integrity: sha512-JMdJjBJCSquNY7Glyl+FNMQyZhbny6wKta8KE5PWrEbU5oB2FfONbtBPHlMOXJrFc9FqUYBJ9QsavygJW1QiBg==
  /semver/5.7.1:
    dev: true
    hasBin: true
    resolution:
      integrity: sha512-sauaDf/PZdVgrLTNYHRtpXa1iRiKcaebiKQ1BJdpQlWH2lCvexQdX55snPFyK7QzpudqbCI0qXFfOasHdyNDGQ==
  /string.prototype.trimend/1.0.3:
    dependencies:
      call-bind: 1.0.2
      define-properties: 1.1.3
    dev: false
    resolution:
      integrity: sha512-ayH0pB+uf0U28CtjlLvL7NaohvR1amUvVZk+y3DYb0Ey2PUV5zPkkKy9+U1ndVEIXO8hNg18eIv9Jntbii+dKw==
  /string.prototype.trimstart/1.0.3:
    dependencies:
      call-bind: 1.0.2
      define-properties: 1.1.3
    dev: false
    resolution:
      integrity: sha512-oBIBUy5lea5tt0ovtOFiEQaBkoBBkyJhZXzJYrSmDo5IUUqbOPvVezuRs/agBIdZ2p2Eo1FD6bD9USyBLfl3xg==
  /string_decoder/1.1.1:
    dependencies:
      safe-buffer: 5.1.2
    dev: true
    resolution:
      integrity: sha512-n/ShnvDi6FHbbVfviro+WojiFzv+s8MPMHBczVePfUpDJLwoLT0ht1l4YwBCbi8pJAveEEdnkHyPyTP/mzRfwg==
  /strip-json-comments/2.0.1:
    dev: true
    engines:
      node: '>=0.10.0'
    resolution:
      integrity: sha1-PFMZQukIwml8DsNEhYwobHygpgo=
  /tar-install/0.1.1:
    dependencies:
      '@aleclarson/quest': 0.9.0
      saxon: 0.1.18
      tar-stream: 1.6.2
    dev: true
    resolution:
      integrity: sha512-VK0G/1OjZ1EwyavuXEzKI4+RM3jqQwW99aGOQeVN7n/wgoy5TPQVR974N2OuTlZytjReVW5a5uYVbHwlgnxBfw==
  /tar-stream/1.6.2:
    dependencies:
      bl: 1.2.3
      buffer-alloc: 1.2.0
      end-of-stream: 1.4.4
      fs-constants: 1.0.0
      readable-stream: 2.3.7
      to-buffer: 1.1.1
      xtend: 4.0.2
    dev: true
    engines:
      node: '>= 0.8.0'
    resolution:
      integrity: sha512-rzS0heiNf8Xn7/mpdSVVSMAWAoy9bfb1WOTYC78Z0UQKeKa/CWS8FOq0lKGNa8DWKAn9gxjCvMLYc5PGXYlK2A==
  /tar-url/0.0.2:
    dependencies:
      quest: github.com/aleclarson/quest/73e990a0ee2415c53674c548a9bc51cda67c448d
      registry-auth-token: 3.4.0
      semver: 5.7.1
    dev: true
    resolution:
      integrity: sha512-BS3T+9XrBj6DZV+cKnwgMgkbNeSeK4zhk1zzbtjFPR04ZZLwVaB/cPtSJ2nvU7PumodToxj1LAe03UwvFf0HYg==
  /to-buffer/1.1.1:
    dev: true
    resolution:
      integrity: sha512-lx9B5iv7msuFYE3dytT+KE5tap+rNYw+K4jVkb9R/asAb+pbBSM17jtunHplhBe6RRJdZx3Pn2Jph24O32mOVg==
  /type-error/1.0.3:
    dev: false
    resolution:
      integrity: sha512-hlNA4NwwjtL9clb8nv+x/5C45uzxND+N+h+/y3z2dYdubGSmdtNtJjHVH4E68ZHR98Bkav4ACf1lmTZepc/4sg==
  /util-deprecate/1.0.2:
    dev: true
    resolution:
      integrity: sha1-RQ1Nyfpw3nMnYvvS1KKJgUGaDM8=
  /util.promisify/1.1.1:
    dependencies:
      call-bind: 1.0.2
      define-properties: 1.1.3
      for-each: 0.3.3
      has-symbols: 1.0.1
      object.getownpropertydescriptors: 2.1.1
    dev: false
    resolution:
      integrity: sha512-/s3UsZUrIfa6xDhr7zZhnE9SLQ5RIXyYfiVnMMyMDzOc8WhWN4Nbh36H842OyurKbCDAesZOJaVyvmSl6fhGQw==
  /wch-coffee/0.3.2:
    dependencies:
      fsx: github.com/aleclarson/fsx/3fdf4925c7fd2500bb6d794920be9af156b2cbce
      semver: 5.7.1
      tar-install: 0.1.1
      tar-url: 0.0.2
    dev: true
    peerDependencies:
      wch: ^0.10.0
    resolution:
      integrity: sha512-YiKNWtbm7Noeri4e8fR4usmOoWzKxja0aQnUr9LXUv6fsGSgYhY7gb5EyeOTnNycb8CnDkShd7oFGcjJ7BGuqA==
  /wrappy/1.0.2:
    dev: true
    resolution:
      integrity: sha1-tSQ9jz7BqjXxNkYFvA0QNuMKtp8=
  /xtend/4.0.2:
    dev: true
    engines:
      node: '>=0.4'
    resolution:
      integrity: sha512-LKYU1iAXJXUgAXn9URjiu+MWhyUXHsvfp7mcuYm9dSUKK0/CjtrUwFAxD82/mCWbtLsGjFIad0wIsod4zrTAEQ==
  github.com/aleclarson/fsx/3fdf4925c7fd2500bb6d794920be9af156b2cbce:
    dev: true
    name: fsx
    resolution:
      tarball: https://codeload.github.com/aleclarson/fsx/tar.gz/3fdf4925c7fd2500bb6d794920be9af156b2cbce
    version: 1.7.0
  github.com/aleclarson/quest/73e990a0ee2415c53674c548a9bc51cda67c448d:
    dev: true
    name: quest
    resolution:
      tarball: https://codeload.github.com/aleclarson/quest/tar.gz/73e990a0ee2415c53674c548a9bc51cda67c448d
    version: 0.6.1
specifiers:
  coffeescript: ^2.3.0
  realpath-native: ^1.0.2
  type-error: ^1.0.3
  wch-coffee: '*'
